
Microsoft Visual Studio Solution File, Format Version 12.00
# Visual Studio Version 17
VisualStudioVersion = 17.6.33815.320
MinimumVisualStudioVersion = 10.0.40219.1
Project("{FAE04EC0-301F-11D3-BF4B-00C04F79EFBC}") = "ControlStructOne", "ControlStructOne.csproj", "{59465ED1-7475-4382-A1CC-082FD473C501}"
EndProject
Global
	GlobalSection(SolutionConfigurationPlatforms) = preSolution
		Debug|Any CPU = Debug|Any CPU
		Release|Any CPU = Release|Any CPU
	EndGlobalSection
	GlobalSection(ProjectConfigurationPlatforms) = postSolution
		{59465ED1-7475-4382-A1CC-082FD473C501}.Debug|Any CPU.ActiveCfg = Debug|Any CPU
		{59465ED1-7475-4382-A1CC-082FD473C501}.Debug|Any CPU.Build.0 = Debug|Any CPU
		{59465ED1-7475-4382-A1CC-082FD473C501}.Release|Any CPU.ActiveCfg = Release|Any CPU
		{59465ED1-7475-4382-A1CC-082FD473C501}.Release|Any CPU.Build.0 = Release|Any CPU
	EndGlobalSection
	GlobalSection(SolutionProperties) = preSolution
		HideSolutionNode = FALSE
	EndGlobalSection
	GlobalSection(ExtensibilityGlobals) = postSolution
		SolutionGuid = {34921490-BCF1-435F-86F6-D053668A81BC}
	EndGlobalSection
EndGlobal
